// !$*UTF8*$!
{
	archiveVersion = 1;
	classes = {
	};
	objectVersion = 48;
	objects = {

/* Begin PBXBuildFile section */
		029B39992002F5050025FE62 /* QuartzCore.framework in Frameworks */ = {isa = PBXBuildFile; fileRef = 029B39982002F5050025FE62 /* QuartzCore.framework */; };
		029B399B2002F50D0025FE62 /* CoreMedia.framework in Frameworks */ = {isa = PBXBuildFile; fileRef = 029B399A2002F50D0025FE62 /* CoreMedia.framework */; };
		029B399D2002F5130025FE62 /* CoreImage.framework in Frameworks */ = {isa = PBXBuildFile; fileRef = 029B399C2002F5130025FE62 /* CoreImage.framework */; };
		029B399F2002F5180025FE62 /* CoreGraphics.framework in Frameworks */ = {isa = PBXBuildFile; fileRef = 029B399E2002F5170025FE62 /* CoreGraphics.framework */; };
		029B39A12002F51C0025FE62 /* Accelerate.framework in Frameworks */ = {isa = PBXBuildFile; fileRef = 029B39A02002F51C0025FE62 /* Accelerate.framework */; };
		029B39A32002F5230025FE62 /* AVFoundation.framework in Frameworks */ = {isa = PBXBuildFile; fileRef = 029B39A22002F5230025FE62 /* AVFoundation.framework */; };
		029B39A52002F5290025FE62 /* AssetsLibrary.framework in Frameworks */ = {isa = PBXBuildFile; fileRef = 029B39A42002F5290025FE62 /* AssetsLibrary.framework */; };
		029B39A72002F52D0025FE62 /* CoreVideo.framework in Frameworks */ = {isa = PBXBuildFile; fileRef = 029B39A62002F52D0025FE62 /* CoreVideo.framework */; };
		029B39AB2002F5E40025FE62 /* OpenCVWrapper.mm in Sources */ = {isa = PBXBuildFile; fileRef = 029B39AA2002F5E40025FE62 /* OpenCVWrapper.mm */; };
		02A811671FF4079F00B98868 /* AppDelegate.swift in Sources */ = {isa = PBXBuildFile; fileRef = 02A811661FF4079F00B98868 /* AppDelegate.swift */; };
		02A811691FF4079F00B98868 /* ViewController.swift in Sources */ = {isa = PBXBuildFile; fileRef = 02A811681FF4079F00B98868 /* ViewController.swift */; };
		02A8116C1FF4079F00B98868 /* Main.storyboard in Resources */ = {isa = PBXBuildFile; fileRef = 02A8116A1FF4079F00B98868 /* Main.storyboard */; };
		02A8116E1FF4079F00B98868 /* Assets.xcassets in Resources */ = {isa = PBXBuildFile; fileRef = 02A8116D1FF4079F00B98868 /* Assets.xcassets */; };
		02A811711FF4079F00B98868 /* LaunchScreen.storyboard in Resources */ = {isa = PBXBuildFile; fileRef = 02A8116F1FF4079F00B98868 /* LaunchScreen.storyboard */; };
		02BBCDAD2002A5ED004B211B /* SingleCardViewController.swift in Sources */ = {isa = PBXBuildFile; fileRef = 02BBCDAC2002A5ED004B211B /* SingleCardViewController.swift */; };
		02D721482004407F00078201 /* opencv2.framework in Frameworks */ = {isa = PBXBuildFile; fileRef = 02D721472004407F00078201 /* opencv2.framework */; };
/* End PBXBuildFile section */

/* Begin PBXFileReference section */
		029B39982002F5050025FE62 /* QuartzCore.framework */ = {isa = PBXFileReference; lastKnownFileType = wrapper.framework; name = QuartzCore.framework; path = System/Library/Frameworks/QuartzCore.framework; sourceTree = SDKROOT; };
		029B399A2002F50D0025FE62 /* CoreMedia.framework */ = {isa = PBXFileReference; lastKnownFileType = wrapper.framework; name = CoreMedia.framework; path = System/Library/Frameworks/CoreMedia.framework; sourceTree = SDKROOT; };
		029B399C2002F5130025FE62 /* CoreImage.framework */ = {isa = PBXFileReference; lastKnownFileType = wrapper.framework; name = CoreImage.framework; path = System/Library/Frameworks/CoreImage.framework; sourceTree = SDKROOT; };
		029B399E2002F5170025FE62 /* CoreGraphics.framework */ = {isa = PBXFileReference; lastKnownFileType = wrapper.framework; name = CoreGraphics.framework; path = System/Library/Frameworks/CoreGraphics.framework; sourceTree = SDKROOT; };
		029B39A02002F51C0025FE62 /* Accelerate.framework */ = {isa = PBXFileReference; lastKnownFileType = wrapper.framework; name = Accelerate.framework; path = System/Library/Frameworks/Accelerate.framework; sourceTree = SDKROOT; };
		029B39A22002F5230025FE62 /* AVFoundation.framework */ = {isa = PBXFileReference; lastKnownFileType = wrapper.framework; name = AVFoundation.framework; path = System/Library/Frameworks/AVFoundation.framework; sourceTree = SDKROOT; };
		029B39A42002F5290025FE62 /* AssetsLibrary.framework */ = {isa = PBXFileReference; lastKnownFileType = wrapper.framework; name = AssetsLibrary.framework; path = System/Library/Frameworks/AssetsLibrary.framework; sourceTree = SDKROOT; };
		029B39A62002F52D0025FE62 /* CoreVideo.framework */ = {isa = PBXFileReference; lastKnownFileType = wrapper.framework; name = CoreVideo.framework; path = System/Library/Frameworks/CoreVideo.framework; sourceTree = SDKROOT; };
		029B39A82002F5E30025FE62 /* Card Camera-Bridging-Header.h */ = {isa = PBXFileReference; lastKnownFileType = sourcecode.c.h; path = "Card Camera-Bridging-Header.h"; sourceTree = "<group>"; };
		029B39A92002F5E40025FE62 /* OpenCVWrapper.h */ = {isa = PBXFileReference; lastKnownFileType = sourcecode.c.h; path = OpenCVWrapper.h; sourceTree = "<group>"; };
		029B39AA2002F5E40025FE62 /* OpenCVWrapper.mm */ = {isa = PBXFileReference; lastKnownFileType = sourcecode.cpp.objcpp; path = OpenCVWrapper.mm; sourceTree = "<group>"; };
		02A811631FF4079F00B98868 /* Card Camera.app */ = {isa = PBXFileReference; explicitFileType = wrapper.application; includeInIndex = 0; path = "Card Camera.app"; sourceTree = BUILT_PRODUCTS_DIR; };
		02A811661FF4079F00B98868 /* AppDelegate.swift */ = {isa = PBXFileReference; lastKnownFileType = sourcecode.swift; path = AppDelegate.swift; sourceTree = "<group>"; };
		02A811681FF4079F00B98868 /* ViewController.swift */ = {isa = PBXFileReference; lastKnownFileType = sourcecode.swift; path = ViewController.swift; sourceTree = "<group>"; };
		02A8116B1FF4079F00B98868 /* Base */ = {isa = PBXFileReference; lastKnownFileType = file.storyboard; name = Base; path = Base.lproj/Main.storyboard; sourceTree = "<group>"; };
		02A8116D1FF4079F00B98868 /* Assets.xcassets */ = {isa = PBXFileReference; lastKnownFileType = folder.assetcatalog; path = Assets.xcassets; sourceTree = "<group>"; };
		02A811701FF4079F00B98868 /* Base */ = {isa = PBXFileReference; lastKnownFileType = file.storyboard; name = Base; path = Base.lproj/LaunchScreen.storyboard; sourceTree = "<group>"; };
		02A811721FF4079F00B98868 /* Info.plist */ = {isa = PBXFileReference; lastKnownFileType = text.plist.xml; path = Info.plist; sourceTree = "<group>"; };
		02BBCDAC2002A5ED004B211B /* SingleCardViewController.swift */ = {isa = PBXFileReference; lastKnownFileType = sourcecode.swift; path = SingleCardViewController.swift; sourceTree = "<group>"; };
		02D7214420043E7F00078201 /* PrefixHeader.pch */ = {isa = PBXFileReference; lastKnownFileType = sourcecode.c.h; path = PrefixHeader.pch; sourceTree = "<group>"; };
		02D721472004407F00078201 /* opencv2.framework */ = {isa = PBXFileReference; lastKnownFileType = wrapper.framework; path = opencv2.framework; sourceTree = "<group>"; };
/* End PBXFileReference section */

/* Begin PBXFrameworksBuildPhase section */
		02A811601FF4079F00B98868 /* Frameworks */ = {
			isa = PBXFrameworksBuildPhase;
			buildActionMask = 2147483647;
			files = (
				02D721482004407F00078201 /* opencv2.framework in Frameworks */,
				029B39992002F5050025FE62 /* QuartzCore.framework in Frameworks */,
				029B399B2002F50D0025FE62 /* CoreMedia.framework in Frameworks */,
				029B399D2002F5130025FE62 /* CoreImage.framework in Frameworks */,
				029B399F2002F5180025FE62 /* CoreGraphics.framework in Frameworks */,
				029B39A12002F51C0025FE62 /* Accelerate.framework in Frameworks */,
				029B39A32002F5230025FE62 /* AVFoundation.framework in Frameworks */,
				029B39A52002F5290025FE62 /* AssetsLibrary.framework in Frameworks */,
				029B39A72002F52D0025FE62 /* CoreVideo.framework in Frameworks */,
			);
			runOnlyForDeploymentPostprocessing = 0;
		};
/* End PBXFrameworksBuildPhase section */

/* Begin PBXGroup section */
		029B39972002F5050025FE62 /* Frameworks */ = {
			isa = PBXGroup;
			children = (
				02D721472004407F00078201 /* opencv2.framework */,
				029B39A62002F52D0025FE62 /* CoreVideo.framework */,
				029B39A42002F5290025FE62 /* AssetsLibrary.framework */,
				029B39A22002F5230025FE62 /* AVFoundation.framework */,
				029B39A02002F51C0025FE62 /* Accelerate.framework */,
				029B399E2002F5170025FE62 /* CoreGraphics.framework */,
				029B399C2002F5130025FE62 /* CoreImage.framework */,
				029B399A2002F50D0025FE62 /* CoreMedia.framework */,
				029B39982002F5050025FE62 /* QuartzCore.framework */,
			);
			name = Frameworks;
			sourceTree = "<group>";
		};
		02A8115A1FF4079F00B98868 = {
			isa = PBXGroup;
			children = (
				02A811651FF4079F00B98868 /* Card Camera */,
				02A811641FF4079F00B98868 /* Products */,
				029B39972002F5050025FE62 /* Frameworks */,
			);
			sourceTree = "<group>";
		};
		02A811641FF4079F00B98868 /* Products */ = {
			isa = PBXGroup;
			children = (
				02A811631FF4079F00B98868 /* Card Camera.app */,
			);
			name = Products;
			sourceTree = "<group>";
		};
		02A811651FF4079F00B98868 /* Card Camera */ = {
			isa = PBXGroup;
			children = (
				02A811661FF4079F00B98868 /* AppDelegate.swift */,
				02A811681FF4079F00B98868 /* ViewController.swift */,
				02BBCDAC2002A5ED004B211B /* SingleCardViewController.swift */,
				02A8116A1FF4079F00B98868 /* Main.storyboard */,
				02A8116D1FF4079F00B98868 /* Assets.xcassets */,
				02A8116F1FF4079F00B98868 /* LaunchScreen.storyboard */,
				02A811721FF4079F00B98868 /* Info.plist */,
				029B39A92002F5E40025FE62 /* OpenCVWrapper.h */,
				02D7214420043E7F00078201 /* PrefixHeader.pch */,
				029B39AA2002F5E40025FE62 /* OpenCVWrapper.mm */,
				029B39A82002F5E30025FE62 /* Card Camera-Bridging-Header.h */,
			);
			path = "Card Camera";
			sourceTree = "<group>";
		};
/* End PBXGroup section */

/* Begin PBXNativeTarget section */
		02A811621FF4079F00B98868 /* Card Camera */ = {
			isa = PBXNativeTarget;
			buildConfigurationList = 02A811751FF4079F00B98868 /* Build configuration list for PBXNativeTarget "Card Camera" */;
			buildPhases = (
				02A8115F1FF4079F00B98868 /* Sources */,
				02A811601FF4079F00B98868 /* Frameworks */,
				02A811611FF4079F00B98868 /* Resources */,
			);
			buildRules = (
			);
			dependencies = (
			);
			name = "Card Camera";
			productName = "Card Camera";
			productReference = 02A811631FF4079F00B98868 /* Card Camera.app */;
			productType = "com.apple.product-type.application";
		};
/* End PBXNativeTarget section */

/* Begin PBXProject section */
		02A8115B1FF4079F00B98868 /* Project object */ = {
			isa = PBXProject;
			attributes = {
				LastSwiftUpdateCheck = 0920;
				LastUpgradeCheck = 0920;
				ORGANIZATIONNAME = "Kendel Chopp";
				TargetAttributes = {
					02A811621FF4079F00B98868 = {
						CreatedOnToolsVersion = 9.2;
						LastSwiftMigration = 0920;
						ProvisioningStyle = Automatic;
					};
				};
			};
			buildConfigurationList = 02A8115E1FF4079F00B98868 /* Build configuration list for PBXProject "Card Camera" */;
			compatibilityVersion = "Xcode 8.0";
			developmentRegion = en;
			hasScannedForEncodings = 0;
			knownRegions = (
				en,
				Base,
			);
			mainGroup = 02A8115A1FF4079F00B98868;
			productRefGroup = 02A811641FF4079F00B98868 /* Products */;
			projectDirPath = "";
			projectRoot = "";
			targets = (
				02A811621FF4079F00B98868 /* Card Camera */,
			);
		};
/* End PBXProject section */

/* Begin PBXResourcesBuildPhase section */
		02A811611FF4079F00B98868 /* Resources */ = {
			isa = PBXResourcesBuildPhase;
			buildActionMask = 2147483647;
			files = (
				02A811711FF4079F00B98868 /* LaunchScreen.storyboard in Resources */,
				02A8116E1FF4079F00B98868 /* Assets.xcassets in Resources */,
				02A8116C1FF4079F00B98868 /* Main.storyboard in Resources */,
			);
			runOnlyForDeploymentPostprocessing = 0;
		};
/* End PBXResourcesBuildPhase section */

/* Begin PBXSourcesBuildPhase section */
		02A8115F1FF4079F00B98868 /* Sources */ = {
			isa = PBXSourcesBuildPhase;
			buildActionMask = 2147483647;
			files = (
				02BBCDAD2002A5ED004B211B /* SingleCardViewController.swift in Sources */,
				02A811691FF4079F00B98868 /* ViewController.swift in Sources */,
				029B39AB2002F5E40025FE62 /* OpenCVWrapper.mm in Sources */,
				02A811671FF4079F00B98868 /* AppDelegate.swift in Sources */,
			);
			runOnlyForDeploymentPostprocessing = 0;
		};
/* End PBXSourcesBuildPhase section */

/* Begin PBXVariantGroup section */
		02A8116A1FF4079F00B98868 /* Main.storyboard */ = {
			isa = PBXVariantGroup;
			children = (
				02A8116B1FF4079F00B98868 /* Base */,
			);
			name = Main.storyboard;
			sourceTree = "<group>";
		};
		02A8116F1FF4079F00B98868 /* LaunchScreen.storyboard */ = {
			isa = PBXVariantGroup;
			children = (
				02A811701FF4079F00B98868 /* Base */,
			);
			name = LaunchScreen.storyboard;
			sourceTree = "<group>";
		};
/* End PBXVariantGroup section */

/* Begin XCBuildConfiguration section */
		02A811731FF4079F00B98868 /* Debug */ = {
			isa = XCBuildConfiguration;
			buildSettings = {
				ALWAYS_SEARCH_USER_PATHS = NO;
				CLANG_ANALYZER_NONNULL = YES;
				CLANG_ANALYZER_NUMBER_OBJECT_CONVERSION = YES_AGGRESSIVE;
				CLANG_CXX_LANGUAGE_STANDARD = "gnu++14";
				CLANG_CXX_LIBRARY = "libc++";
				CLANG_ENABLE_MODULES = YES;
				CLANG_ENABLE_OBJC_ARC = YES;
				CLANG_WARN_BLOCK_CAPTURE_AUTORELEASING = YES;
				CLANG_WARN_BOOL_CONVERSION = YES;
				CLANG_WARN_COMMA = YES;
				CLANG_WARN_CONSTANT_CONVERSION = YES;
				CLANG_WARN_DIRECT_OBJC_ISA_USAGE = YES_ERROR;
				CLANG_WARN_DOCUMENTATION_COMMENTS = YES;
				CLANG_WARN_EMPTY_BODY = YES;
				CLANG_WARN_ENUM_CONVERSION = YES;
				CLANG_WARN_INFINITE_RECURSION = YES;
				CLANG_WARN_INT_CONVERSION = YES;
				CLANG_WARN_NON_LITERAL_NULL_CONVERSION = YES;
				CLANG_WARN_OBJC_LITERAL_CONVERSION = YES;
				CLANG_WARN_OBJC_ROOT_CLASS = YES_ERROR;
				CLANG_WARN_RANGE_LOOP_ANALYSIS = YES;
				CLANG_WARN_STRICT_PROTOTYPES = YES;
				CLANG_WARN_SUSPICIOUS_MOVE = YES;
				CLANG_WARN_UNGUARDED_AVAILABILITY = YES_AGGRESSIVE;
				CLANG_WARN_UNREACHABLE_CODE = YES;
				CLANG_WARN__DUPLICATE_METHOD_MATCH = YES;
				CODE_SIGN_IDENTITY = "iPhone Developer";
				COPY_PHASE_STRIP = NO;
				DEBUG_INFORMATION_FORMAT = dwarf;
				ENABLE_STRICT_OBJC_MSGSEND = YES;
				ENABLE_TESTABILITY = YES;
				GCC_C_LANGUAGE_STANDARD = gnu11;
				GCC_DYNAMIC_NO_PIC = NO;
				GCC_NO_COMMON_BLOCKS = YES;
				GCC_OPTIMIZATION_LEVEL = 0;
				GCC_PREPROCESSOR_DEFINITIONS = (
					"DEBUG=1",
					"$(inherited)",
				);
				GCC_WARN_64_TO_32_BIT_CONVERSION = YES;
				GCC_WARN_ABOUT_RETURN_TYPE = YES_ERROR;
				GCC_WARN_UNDECLARED_SELECTOR = YES;
				GCC_WARN_UNINITIALIZED_AUTOS = YES_AGGRESSIVE;
				GCC_WARN_UNUSED_FUNCTION = YES;
				GCC_WARN_UNUSED_VARIABLE = YES;
				IPHONEOS_DEPLOYMENT_TARGET = 11.2;
				MTL_ENABLE_DEBUG_INFO = YES;
				ONLY_ACTIVE_ARCH = YES;
				SDKROOT = iphoneos;
				SWIFT_ACTIVE_COMPILATION_CONDITIONS = DEBUG;
				SWIFT_OPTIMIZATION_LEVEL = "-Onone";
			};
			name = Debug;
		};
		02A811741FF4079F00B98868 /* Release */ = {
			isa = XCBuildConfiguration;
			buildSettings = {
				ALWAYS_SEARCH_USER_PATHS = NO;
				CLANG_ANALYZER_NONNULL = YES;
				CLANG_ANALYZER_NUMBER_OBJECT_CONVERSION = YES_AGGRESSIVE;
				CLANG_CXX_LANGUAGE_STANDARD = "gnu++14";
				CLANG_CXX_LIBRARY = "libc++";
				CLANG_ENABLE_MODULES = YES;
				CLANG_ENABLE_OBJC_ARC = YES;
				CLANG_WARN_BLOCK_CAPTURE_AUTORELEASING = YES;
				CLANG_WARN_BOOL_CONVERSION = YES;
				CLANG_WARN_COMMA = YES;
				CLANG_WARN_CONSTANT_CONVERSION = YES;
				CLANG_WARN_DIRECT_OBJC_ISA_USAGE = YES_ERROR;
				CLANG_WARN_DOCUMENTATION_COMMENTS = YES;
				CLANG_WARN_EMPTY_BODY = YES;
				CLANG_WARN_ENUM_CONVERSION = YES;
				CLANG_WARN_INFINITE_RECURSION = YES;
				CLANG_WARN_INT_CONVERSION = YES;
				CLANG_WARN_NON_LITERAL_NULL_CONVERSION = YES;
				CLANG_WARN_OBJC_LITERAL_CONVERSION = YES;
				CLANG_WARN_OBJC_ROOT_CLASS = YES_ERROR;
				CLANG_WARN_RANGE_LOOP_ANALYSIS = YES;
				CLANG_WARN_STRICT_PROTOTYPES = YES;
				CLANG_WARN_SUSPICIOUS_MOVE = YES;
				CLANG_WARN_UNGUARDED_AVAILABILITY = YES_AGGRESSIVE;
				CLANG_WARN_UNREACHABLE_CODE = YES;
				CLANG_WARN__DUPLICATE_METHOD_MATCH = YES;
				CODE_SIGN_IDENTITY = "iPhone Developer";
				COPY_PHASE_STRIP = NO;
				DEBUG_INFORMATION_FORMAT = "dwarf-with-dsym";
				ENABLE_NS_ASSERTIONS = NO;
				ENABLE_STRICT_OBJC_MSGSEND = YES;
				GCC_C_LANGUAGE_STANDARD = gnu11;
				GCC_NO_COMMON_BLOCKS = YES;
				GCC_WARN_64_TO_32_BIT_CONVERSION = YES;
				GCC_WARN_ABOUT_RETURN_TYPE = YES_ERROR;
				GCC_WARN_UNDECLARED_SELECTOR = YES;
				GCC_WARN_UNINITIALIZED_AUTOS = YES_AGGRESSIVE;
				GCC_WARN_UNUSED_FUNCTION = YES;
				GCC_WARN_UNUSED_VARIABLE = YES;
				IPHONEOS_DEPLOYMENT_TARGET = 11.2;
				MTL_ENABLE_DEBUG_INFO = NO;
				SDKROOT = iphoneos;
				SWIFT_OPTIMIZATION_LEVEL = "-Owholemodule";
				VALIDATE_PRODUCT = YES;
			};
			name = Release;
		};
		02A811761FF4079F00B98868 /* Debug */ = {
			isa = XCBuildConfiguration;
			buildSettings = {
				ASSETCATALOG_COMPILER_APPICON_NAME = AppIcon;
				CLANG_ENABLE_MODULES = YES;
				CODE_SIGN_STYLE = Automatic;
				DEVELOPMENT_TEAM = 3M23826A23;
				FRAMEWORK_SEARCH_PATHS = (
					"$(PROJECT_DIR)/",
					"$(PROJECT_DIR)",
				);
				GCC_PREFIX_HEADER = "$(SRCROOT)/Card Camera/PrefixHeader.pch";
				INFOPLIST_FILE = "Card Camera/Info.plist";
				IPHONEOS_DEPLOYMENT_TARGET = 10.0;
				LD_RUNPATH_SEARCH_PATHS = "$(inherited) @executable_path/Frameworks";
				PRODUCT_BUNDLE_IDENTIFIER = "com.kchopp.Card-Camera";
				PRODUCT_NAME = "$(TARGET_NAME)";
				SWIFT_OBJC_BRIDGING_HEADER = "Card Camera/Card Camera-Bridging-Header.h";
				SWIFT_OPTIMIZATION_LEVEL = "-Onone";
				SWIFT_VERSION = 4.0;
				TARGETED_DEVICE_FAMILY = "1,2";
			};
			name = Debug;
		};
		02A811771FF4079F00B98868 /* Release */ = {
			isa = XCBuildConfiguration;
			buildSettings = {
				ASSETCATALOG_COMPILER_APPICON_NAME = AppIcon;
				CLANG_ENABLE_MODULES = YES;
				CODE_SIGN_STYLE = Automatic;
				DEVELOPMENT_TEAM = 3M23826A23;
				FRAMEWORK_SEARCH_PATHS = (
					"$(PROJECT_DIR)/",
					"$(PROJECT_DIR)",
				);
				GCC_PREFIX_HEADER = "$(SRCROOT)/Card Camera/PrefixHeader.pch";
				INFOPLIST_FILE = "Card Camera/Info.plist";
				IPHONEOS_DEPLOYMENT_TARGET = 10.0;
				LD_RUNPATH_SEARCH_PATHS = "$(inherited) @executable_path/Frameworks";
				PRODUCT_BUNDLE_IDENTIFIER = "com.kchopp.Card-Camera";
				PRODUCT_NAME = "$(TARGET_NAME)";
				SWIFT_OBJC_BRIDGING_HEADER = "Card Camera/Card Camera-Bridging-Header.h";
				SWIFT_VERSION = 4.0;
				TARGETED_DEVICE_FAMILY = "1,2";
			};
			name = Release;
		};
/* End XCBuildConfiguration section */

/* Begin XCConfigurationList section */
		02A8115E1FF4079F00B98868 /* Build configuration list for PBXProject "Card Camera" */ = {
			isa = XCConfigurationList;
			buildConfigurations = (
				02A811731FF4079F00B98868 /* Debug */,
				02A811741FF4079F00B98868 /* Release */,
			);
			defaultConfigurationIsVisible = 0;
			defaultConfigurationName = Release;
		};
		02A811751FF4079F00B98868 /* Build configuration list for PBXNativeTarget "Card Camera" */ = {
			isa = XCConfigurationList;
			buildConfigurations = (
				02A811761FF4079F00B98868 /* Debug */,
				02A811771FF4079F00B98868 /* Release */,
			);
			defaultConfigurationIsVisible = 0;
			defaultConfigurationName = Release;
		};
/* End XCConfigurationList section */
	};
	rootObject = 02A8115B1FF4079F00B98868 /* Project object */;
}
